
Microsoft Visual Studio Solution File, Format Version 12.00
# Visual Studio 14
VisualStudioVersion = 14.0.25420.1
MinimumVisualStudioVersion = 10.0.40219.1
Project("{FAE04EC0-301F-11D3-BF4B-00C04F79EFBC}") = "MTDClasses", "MTDClasses\MTDClasses.csproj", "{73FC5C1D-6518-463A-A0EA-865D92D068D2}"
EndProject
Project("{FAE04EC0-301F-11D3-BF4B-00C04F79EFBC}") = "MTDUnitTests", "MTDUnitTests\MTDUnitTests.csproj", "{6DA34DAF-54A1-4FA8-A55E-01C2C4A7A26B}"
EndProject
Global
	GlobalSection(SolutionConfigurationPlatforms) = preSolution
		Debug|Any CPU = Debug|Any CPU
		Release|Any CPU = Release|Any CPU
	EndGlobalSection
	GlobalSection(ProjectConfigurationPlatforms) = postSolution
		{73FC5C1D-6518-463A-A0EA-865D92D068D2}.Debug|Any CPU.ActiveCfg = Debug|Any CPU
		{73FC5C1D-6518-463A-A0EA-865D92D068D2}.Debug|Any CPU.Build.0 = Debug|Any CPU
		{73FC5C1D-6518-463A-A0EA-865D92D068D2}.Release|Any CPU.ActiveCfg = Release|Any CPU
		{73FC5C1D-6518-463A-A0EA-865D92D068D2}.Release|Any CPU.Build.0 = Release|Any CPU
		{6DA34DAF-54A1-4FA8-A55E-01C2C4A7A26B}.Debug|Any CPU.ActiveCfg = Debug|Any CPU
		{6DA34DAF-54A1-4FA8-A55E-01C2C4A7A26B}.Debug|Any CPU.Build.0 = Debug|Any CPU
		{6DA34DAF-54A1-4FA8-A55E-01C2C4A7A26B}.Release|Any CPU.ActiveCfg = Release|Any CPU
		{6DA34DAF-54A1-4FA8-A55E-01C2C4A7A26B}.Release|Any CPU.Build.0 = Release|Any CPU
	EndGlobalSection
	GlobalSection(SolutionProperties) = preSolution
		HideSolutionNode = FALSE
	EndGlobalSection
EndGlobal
