
Microsoft Visual Studio Solution File, Format Version 12.00
# Visual Studio 14
VisualStudioVersion = 14.0.25420.1
MinimumVisualStudioVersion = 10.0.40219.1
Project("{FAE04EC0-301F-11D3-BF4B-00C04F79EFBC}") = "MTDClasses", "Dominos\MTDClasses.csproj", "{388F3EC7-2182-424D-9401-B083DB02AC47}"
EndProject
Project("{FAE04EC0-301F-11D3-BF4B-00C04F79EFBC}") = "MTDUnitTests", "MTDUnitTests\MTDUnitTests.csproj", "{8217B374-38B4-4995-AF84-79D8AD22E157}"
EndProject
Global
	GlobalSection(SolutionConfigurationPlatforms) = preSolution
		Debug|Any CPU = Debug|Any CPU
		Release|Any CPU = Release|Any CPU
	EndGlobalSection
	GlobalSection(ProjectConfigurationPlatforms) = postSolution
		{388F3EC7-2182-424D-9401-B083DB02AC47}.Debug|Any CPU.ActiveCfg = Debug|Any CPU
		{388F3EC7-2182-424D-9401-B083DB02AC47}.Debug|Any CPU.Build.0 = Debug|Any CPU
		{388F3EC7-2182-424D-9401-B083DB02AC47}.Release|Any CPU.ActiveCfg = Release|Any CPU
		{388F3EC7-2182-424D-9401-B083DB02AC47}.Release|Any CPU.Build.0 = Release|Any CPU
		{8217B374-38B4-4995-AF84-79D8AD22E157}.Debug|Any CPU.ActiveCfg = Debug|Any CPU
		{8217B374-38B4-4995-AF84-79D8AD22E157}.Debug|Any CPU.Build.0 = Debug|Any CPU
		{8217B374-38B4-4995-AF84-79D8AD22E157}.Release|Any CPU.ActiveCfg = Release|Any CPU
		{8217B374-38B4-4995-AF84-79D8AD22E157}.Release|Any CPU.Build.0 = Release|Any CPU
	EndGlobalSection
	GlobalSection(SolutionProperties) = preSolution
		HideSolutionNode = FALSE
	EndGlobalSection
EndGlobal
